
Microsoft Visual Studio Solution File, Format Version 12.00
# Visual Studio Version 16
VisualStudioVersion = 16.0.31112.23
MinimumVisualStudioVersion = 10.0.40219.1
Project("{FAE04EC0-301F-11D3-BF4B-00C04F79EFBC}") = "Clase01_PrimerApp", "Ejercicio01\Clase01_PrimerApp.csproj", "{6C002765-4A3A-4CF8-A16B-779CD35EF2E6}"
EndProject
Project("{FAE04EC0-301F-11D3-BF4B-00C04F79EFBC}") = "Ejercicio02", "Ejercicio 02\Ejercicio02.csproj", "{15749B73-C993-4705-B31B-C354398D0104}"
EndProject
Project("{9A19103F-16F7-4668-BE54-9A1E7A4F7556}") = "Ejercicio01", "Ejercicio03\Ejercicio01.csproj", "{FEB69A3E-F93E-480C-BF8B-6DE4101357B5}"
EndProject
Project("{9A19103F-16F7-4668-BE54-9A1E7A4F7556}") = "Clase01_Formatos", "Formatos\Clase01_Formatos.csproj", "{45AF8E3C-3A24-4845-95B9-DBFAD20C4B69}"
EndProject
Project("{9A19103F-16F7-4668-BE54-9A1E7A4F7556}") = "Clase02_EjercicioSello", "Clase02_EjercicioSello\Clase02_EjercicioSello.csproj", "{1787F735-4C95-4120-B670-92DD62A64525}"
EndProject
Project("{9A19103F-16F7-4668-BE54-9A1E7A4F7556}") = "Clase04.Sobrecarga", "Clase03.ProgObjetos\Clase04.Sobrecarga.csproj", "{BBA6C7B4-344A-4EB1-9475-C70D03F21D6B}"
EndProject
Project("{FAE04EC0-301F-11D3-BF4B-00C04F79EFBC}") = "Ejercicio03", "Ejercicio03\Ejercicio03.csproj", "{802ED6B0-50F9-49A3-99E2-A899AA1D7454}"
EndProject
Global
	GlobalSection(SolutionConfigurationPlatforms) = preSolution
		Debug|Any CPU = Debug|Any CPU
		Release|Any CPU = Release|Any CPU
	EndGlobalSection
	GlobalSection(ProjectConfigurationPlatforms) = postSolution
		{6C002765-4A3A-4CF8-A16B-779CD35EF2E6}.Debug|Any CPU.ActiveCfg = Debug|Any CPU
		{6C002765-4A3A-4CF8-A16B-779CD35EF2E6}.Debug|Any CPU.Build.0 = Debug|Any CPU
		{6C002765-4A3A-4CF8-A16B-779CD35EF2E6}.Release|Any CPU.ActiveCfg = Release|Any CPU
		{6C002765-4A3A-4CF8-A16B-779CD35EF2E6}.Release|Any CPU.Build.0 = Release|Any CPU
		{15749B73-C993-4705-B31B-C354398D0104}.Debug|Any CPU.ActiveCfg = Debug|Any CPU
		{15749B73-C993-4705-B31B-C354398D0104}.Debug|Any CPU.Build.0 = Debug|Any CPU
		{15749B73-C993-4705-B31B-C354398D0104}.Release|Any CPU.ActiveCfg = Release|Any CPU
		{15749B73-C993-4705-B31B-C354398D0104}.Release|Any CPU.Build.0 = Release|Any CPU
		{FEB69A3E-F93E-480C-BF8B-6DE4101357B5}.Debug|Any CPU.ActiveCfg = Debug|Any CPU
		{FEB69A3E-F93E-480C-BF8B-6DE4101357B5}.Debug|Any CPU.Build.0 = Debug|Any CPU
		{FEB69A3E-F93E-480C-BF8B-6DE4101357B5}.Release|Any CPU.ActiveCfg = Release|Any CPU
		{FEB69A3E-F93E-480C-BF8B-6DE4101357B5}.Release|Any CPU.Build.0 = Release|Any CPU
		{45AF8E3C-3A24-4845-95B9-DBFAD20C4B69}.Debug|Any CPU.ActiveCfg = Debug|Any CPU
		{45AF8E3C-3A24-4845-95B9-DBFAD20C4B69}.Debug|Any CPU.Build.0 = Debug|Any CPU
		{45AF8E3C-3A24-4845-95B9-DBFAD20C4B69}.Release|Any CPU.ActiveCfg = Release|Any CPU
		{45AF8E3C-3A24-4845-95B9-DBFAD20C4B69}.Release|Any CPU.Build.0 = Release|Any CPU
		{1787F735-4C95-4120-B670-92DD62A64525}.Debug|Any CPU.ActiveCfg = Debug|Any CPU
		{1787F735-4C95-4120-B670-92DD62A64525}.Debug|Any CPU.Build.0 = Debug|Any CPU
		{1787F735-4C95-4120-B670-92DD62A64525}.Release|Any CPU.ActiveCfg = Release|Any CPU
		{1787F735-4C95-4120-B670-92DD62A64525}.Release|Any CPU.Build.0 = Release|Any CPU
		{BBA6C7B4-344A-4EB1-9475-C70D03F21D6B}.Debug|Any CPU.ActiveCfg = Debug|Any CPU
		{BBA6C7B4-344A-4EB1-9475-C70D03F21D6B}.Debug|Any CPU.Build.0 = Debug|Any CPU
		{BBA6C7B4-344A-4EB1-9475-C70D03F21D6B}.Release|Any CPU.ActiveCfg = Release|Any CPU
		{BBA6C7B4-344A-4EB1-9475-C70D03F21D6B}.Release|Any CPU.Build.0 = Release|Any CPU
		{802ED6B0-50F9-49A3-99E2-A899AA1D7454}.Debug|Any CPU.ActiveCfg = Debug|Any CPU
		{802ED6B0-50F9-49A3-99E2-A899AA1D7454}.Debug|Any CPU.Build.0 = Debug|Any CPU
		{802ED6B0-50F9-49A3-99E2-A899AA1D7454}.Release|Any CPU.ActiveCfg = Release|Any CPU
		{802ED6B0-50F9-49A3-99E2-A899AA1D7454}.Release|Any CPU.Build.0 = Release|Any CPU
	EndGlobalSection
	GlobalSection(SolutionProperties) = preSolution
		HideSolutionNode = FALSE
	EndGlobalSection
	GlobalSection(ExtensibilityGlobals) = postSolution
		SolutionGuid = {62160C50-94AD-40E2-9017-45E39B0B65A0}
	EndGlobalSection
EndGlobal
